{
  "originHash" : "7d2876ce3a42cece33569ff8ed2e251ee79b6ad58d3ad28bf7828c08b11ce3cf",
  "pins" : [
    {
      "identity" : "securestore",
      "kind" : "remoteSourceControl",
      "location" : "https://github.com/kemkriszt/SecureStore",
      "state" : {
        "revision" : "a6feb15d9a6bdf8bb9e3d0e450110418efe08b7d",
        "version" : "1.0.1"
      }
    }
  ],
  "version" : 3
}
